
Microsoft Visual Studio Solution File, Format Version 12.00
# Visual Studio Version 17
VisualStudioVersion = 17.8.34408.163
MinimumVisualStudioVersion = 10.0.40219.1
Project("{2150E333-8FDC-42A3-9474-1A3956D46DE8}") = "10 Api", "10 Api", "{8997FF33-1117-4FAB-82AB-09B7C12DF81E}"
EndProject
Project("{2150E333-8FDC-42A3-9474-1A3956D46DE8}") = "20 Dal", "20 Dal", "{6256D4A0-D70E-4AC4-BA65-AA153E753035}"
EndProject
Project("{2150E333-8FDC-42A3-9474-1A3956D46DE8}") = "30 Logic", "30 Logic", "{B515CCCB-5C86-4905-938D-09B0864D1D5A}"
EndProject
Project("{2150E333-8FDC-42A3-9474-1A3956D46DE8}") = "40 Controller", "40 Controller", "{D02D1C78-15C3-432A-A326-0F443AC5BB90}"
EndProject
Project("{2150E333-8FDC-42A3-9474-1A3956D46DE8}") = "50 Host", "50 Host", "{18B9364F-D7E1-4980-B528-1C1EF2ADC849}"
EndProject
Project("{9A19103F-16F7-4668-BE54-9A1E7A4F7556}") = "AMS.Host", "AMS.Host\AMS.Host.csproj", "{F5EE3246-997C-45BE-9BA0-8133A2EC86CF}"
	ProjectSection(ProjectDependencies) = postProject
		{0EA31832-84CE-41AA-8007-F8795A21B1A4} = {0EA31832-84CE-41AA-8007-F8795A21B1A4}
		{263932C9-0B20-49C7-9487-8B25C8BC3016} = {263932C9-0B20-49C7-9487-8B25C8BC3016}
		{C6BB4C27-8011-4A79-BEDB-C2F0F74C4888} = {C6BB4C27-8011-4A79-BEDB-C2F0F74C4888}
		{FCF2BF19-82EF-4055-8321-952B6FAA77A9} = {FCF2BF19-82EF-4055-8321-952B6FAA77A9}
	EndProjectSection
EndProject
Project("{9A19103F-16F7-4668-BE54-9A1E7A4F7556}") = "AMS.Controller", "AMS.Controller\AMS.Controller.csproj", "{C6BB4C27-8011-4A79-BEDB-C2F0F74C4888}"
	ProjectSection(ProjectDependencies) = postProject
		{0EA31832-84CE-41AA-8007-F8795A21B1A4} = {0EA31832-84CE-41AA-8007-F8795A21B1A4}
		{263932C9-0B20-49C7-9487-8B25C8BC3016} = {263932C9-0B20-49C7-9487-8B25C8BC3016}
		{FCF2BF19-82EF-4055-8321-952B6FAA77A9} = {FCF2BF19-82EF-4055-8321-952B6FAA77A9}
	EndProjectSection
EndProject
Project("{9A19103F-16F7-4668-BE54-9A1E7A4F7556}") = "AMS.Dal", "AMS.Dal\AMS.Dal.csproj", "{0EA31832-84CE-41AA-8007-F8795A21B1A4}"
	ProjectSection(ProjectDependencies) = postProject
		{263932C9-0B20-49C7-9487-8B25C8BC3016} = {263932C9-0B20-49C7-9487-8B25C8BC3016}
	EndProjectSection
EndProject
Project("{9A19103F-16F7-4668-BE54-9A1E7A4F7556}") = "AMS.Logic", "AMS.Logic\AMS.Logic.csproj", "{FCF2BF19-82EF-4055-8321-952B6FAA77A9}"
	ProjectSection(ProjectDependencies) = postProject
		{0EA31832-84CE-41AA-8007-F8795A21B1A4} = {0EA31832-84CE-41AA-8007-F8795A21B1A4}
		{263932C9-0B20-49C7-9487-8B25C8BC3016} = {263932C9-0B20-49C7-9487-8B25C8BC3016}
	EndProjectSection
EndProject
Project("{9A19103F-16F7-4668-BE54-9A1E7A4F7556}") = "AMS.Api", "AMS.Api\AMS.Api.csproj", "{263932C9-0B20-49C7-9487-8B25C8BC3016}"
EndProject
Global
	GlobalSection(SolutionConfigurationPlatforms) = preSolution
		Debug|Any CPU = Debug|Any CPU
		Release|Any CPU = Release|Any CPU
	EndGlobalSection
	GlobalSection(ProjectConfigurationPlatforms) = postSolution
		{F5EE3246-997C-45BE-9BA0-8133A2EC86CF}.Debug|Any CPU.ActiveCfg = Debug|Any CPU
		{F5EE3246-997C-45BE-9BA0-8133A2EC86CF}.Debug|Any CPU.Build.0 = Debug|Any CPU
		{F5EE3246-997C-45BE-9BA0-8133A2EC86CF}.Release|Any CPU.ActiveCfg = Release|Any CPU
		{F5EE3246-997C-45BE-9BA0-8133A2EC86CF}.Release|Any CPU.Build.0 = Release|Any CPU
		{C6BB4C27-8011-4A79-BEDB-C2F0F74C4888}.Debug|Any CPU.ActiveCfg = Debug|Any CPU
		{C6BB4C27-8011-4A79-BEDB-C2F0F74C4888}.Debug|Any CPU.Build.0 = Debug|Any CPU
		{C6BB4C27-8011-4A79-BEDB-C2F0F74C4888}.Release|Any CPU.ActiveCfg = Release|Any CPU
		{C6BB4C27-8011-4A79-BEDB-C2F0F74C4888}.Release|Any CPU.Build.0 = Release|Any CPU
		{0EA31832-84CE-41AA-8007-F8795A21B1A4}.Debug|Any CPU.ActiveCfg = Debug|Any CPU
		{0EA31832-84CE-41AA-8007-F8795A21B1A4}.Debug|Any CPU.Build.0 = Debug|Any CPU
		{0EA31832-84CE-41AA-8007-F8795A21B1A4}.Release|Any CPU.ActiveCfg = Release|Any CPU
		{0EA31832-84CE-41AA-8007-F8795A21B1A4}.Release|Any CPU.Build.0 = Release|Any CPU
		{FCF2BF19-82EF-4055-8321-952B6FAA77A9}.Debug|Any CPU.ActiveCfg = Debug|Any CPU
		{FCF2BF19-82EF-4055-8321-952B6FAA77A9}.Debug|Any CPU.Build.0 = Debug|Any CPU
		{FCF2BF19-82EF-4055-8321-952B6FAA77A9}.Release|Any CPU.ActiveCfg = Release|Any CPU
		{FCF2BF19-82EF-4055-8321-952B6FAA77A9}.Release|Any CPU.Build.0 = Release|Any CPU
		{263932C9-0B20-49C7-9487-8B25C8BC3016}.Debug|Any CPU.ActiveCfg = Debug|Any CPU
		{263932C9-0B20-49C7-9487-8B25C8BC3016}.Debug|Any CPU.Build.0 = Debug|Any CPU
		{263932C9-0B20-49C7-9487-8B25C8BC3016}.Release|Any CPU.ActiveCfg = Release|Any CPU
		{263932C9-0B20-49C7-9487-8B25C8BC3016}.Release|Any CPU.Build.0 = Release|Any CPU
	EndGlobalSection
	GlobalSection(SolutionProperties) = preSolution
		HideSolutionNode = FALSE
	EndGlobalSection
	GlobalSection(NestedProjects) = preSolution
		{F5EE3246-997C-45BE-9BA0-8133A2EC86CF} = {18B9364F-D7E1-4980-B528-1C1EF2ADC849}
		{C6BB4C27-8011-4A79-BEDB-C2F0F74C4888} = {D02D1C78-15C3-432A-A326-0F443AC5BB90}
		{0EA31832-84CE-41AA-8007-F8795A21B1A4} = {6256D4A0-D70E-4AC4-BA65-AA153E753035}
		{FCF2BF19-82EF-4055-8321-952B6FAA77A9} = {B515CCCB-5C86-4905-938D-09B0864D1D5A}
		{263932C9-0B20-49C7-9487-8B25C8BC3016} = {8997FF33-1117-4FAB-82AB-09B7C12DF81E}
	EndGlobalSection
	GlobalSection(ExtensibilityGlobals) = postSolution
		SolutionGuid = {9462501E-0D58-4B7B-BFA7-EE12F23FC17C}
	EndGlobalSection
EndGlobal
